
Microsoft Visual Studio Solution File, Format Version 12.00
# Visual Studio Version 17
VisualStudioVersion = 17.1.32328.378
MinimumVisualStudioVersion = 10.0.40219.1
Project("{FAE04EC0-301F-11D3-BF4B-00C04F79EFBC}") = "RestWithASPNETUdemy", "RestWithASPNETUdemy\RestWithASPNETUdemy.csproj", "{A62B2556-EB9F-44CC-B47A-ED02946E97FD}"
EndProject
Global
	GlobalSection(SolutionConfigurationPlatforms) = preSolution
		Debug|Any CPU = Debug|Any CPU
		Release|Any CPU = Release|Any CPU
	EndGlobalSection
	GlobalSection(ProjectConfigurationPlatforms) = postSolution
		{A62B2556-EB9F-44CC-B47A-ED02946E97FD}.Debug|Any CPU.ActiveCfg = Debug|Any CPU
		{A62B2556-EB9F-44CC-B47A-ED02946E97FD}.Debug|Any CPU.Build.0 = Debug|Any CPU
		{A62B2556-EB9F-44CC-B47A-ED02946E97FD}.Release|Any CPU.ActiveCfg = Release|Any CPU
		{A62B2556-EB9F-44CC-B47A-ED02946E97FD}.Release|Any CPU.Build.0 = Release|Any CPU
	EndGlobalSection
	GlobalSection(SolutionProperties) = preSolution
		HideSolutionNode = FALSE
	EndGlobalSection
	GlobalSection(ExtensibilityGlobals) = postSolution
		SolutionGuid = {273B6E95-22C6-486E-8ED3-626D125D5D2E}
	EndGlobalSection
EndGlobal
