
Microsoft Visual Studio Solution File, Format Version 12.00
# Visual Studio Version 17
VisualStudioVersion = 17.1.32328.378
MinimumVisualStudioVersion = 10.0.40219.1
Project("{2150E333-8FDC-42A3-9474-1A3956D46DE8}") = "FrontEnd", "FrontEnd", "{DE06BA5A-4ED5-47CB-ACB9-33FDDE8FE81E}"
EndProject
Project("{2150E333-8FDC-42A3-9474-1A3956D46DE8}") = "Services", "Services", "{3A8BB59B-98D1-4150-B4EE-4E8853C96A54}"
EndProject
Project("{9A19103F-16F7-4668-BE54-9A1E7A4F7556}") = "GeekShopping.Web", "GeekShopping.Web\GeekShopping.Web.csproj", "{B063FC99-4072-457D-937D-E2F15E7FD118}"
EndProject
Project("{9A19103F-16F7-4668-BE54-9A1E7A4F7556}") = "GeekShopping.ProductAPI", "GeekShopping.ProductAPI\GeekShopping.ProductAPI.csproj", "{DD527E1A-AEDD-4EEE-8300-0005410C1447}"
EndProject
Project("{9A19103F-16F7-4668-BE54-9A1E7A4F7556}") = "GeekShopping.IdentityServer", "GeekShopping.IdentityServer\GeekShopping.IdentityServer.csproj", "{7E3B49F0-5408-424B-AE16-5D39D8A0B5D9}"
EndProject
Project("{9A19103F-16F7-4668-BE54-9A1E7A4F7556}") = "GeekShopping.CartAPI", "GeekShopping.CartApi\GeekShopping.CartAPI.csproj", "{5BB1FC48-E034-44E5-B228-F3ADC7DEBA63}"
EndProject
Project("{9A19103F-16F7-4668-BE54-9A1E7A4F7556}") = "GeekShopping.CouponAPI", "GeekShopping.CouponAPI\GeekShopping.CouponAPI.csproj", "{F433A318-260D-4A87-B0EA-6B6E6736A072}"
EndProject
Project("{2150E333-8FDC-42A3-9474-1A3956D46DE8}") = "Integration", "Integration", "{E1FC91D2-6816-4E44-975F-2726E2C25DF9}"
EndProject
Project("{9A19103F-16F7-4668-BE54-9A1E7A4F7556}") = "GeekShopping.MessageBus", "GeekShopping.MessageBus\GeekShopping.MessageBus.csproj", "{976CD57E-2E50-4E83-9E93-B09CBEF0CADB}"
EndProject
Project("{9A19103F-16F7-4668-BE54-9A1E7A4F7556}") = "GeekShopping.OrderAPI", "GeekShopping.OrderAPI\GeekShopping.OrderAPI.csproj", "{EC04FD9F-B305-4B99-B086-4AA285BBBF1E}"
EndProject
Project("{2150E333-8FDC-42A3-9474-1A3956D46DE8}") = "Payments", "Payments", "{9E8F32A1-BD94-4C3E-A5F7-1A29B7B7A96E}"
EndProject
Project("{9A19103F-16F7-4668-BE54-9A1E7A4F7556}") = "GeekShopping.PaymentProcessor", "GeekShopping.PaymentProcessor\GeekShopping.PaymentProcessor.csproj", "{B50B7B49-EE5D-4154-800D-1EAF0D5A4DA0}"
EndProject
Project("{9A19103F-16F7-4668-BE54-9A1E7A4F7556}") = "GeekShopping.PaymentAPI", "GeekShopping.PaymentAPI\GeekShopping.PaymentAPI.csproj", "{3C0A4775-6FD9-465D-BCAF-009FF60E9A6F}"
EndProject
Project("{9A19103F-16F7-4668-BE54-9A1E7A4F7556}") = "GeekShopping.Email", "GeekShopping.Email\GeekShopping.Email.csproj", "{49C79614-FE48-490B-87A6-A94875D459B8}"
EndProject
Project("{2150E333-8FDC-42A3-9474-1A3956D46DE8}") = "Gateway", "Gateway", "{986495B9-8671-4523-833B-2624E18860E2}"
EndProject
Project("{FAE04EC0-301F-11D3-BF4B-00C04F79EFBC}") = "GeekShopping.APIGateway", "GeekShopping.APIGateway\GeekShopping.APIGateway.csproj", "{84BBD30C-0B03-492B-949E-BB502E454D35}"
EndProject
Global
	GlobalSection(SolutionConfigurationPlatforms) = preSolution
		Debug|Any CPU = Debug|Any CPU
		Release|Any CPU = Release|Any CPU
	EndGlobalSection
	GlobalSection(ProjectConfigurationPlatforms) = postSolution
		{B063FC99-4072-457D-937D-E2F15E7FD118}.Debug|Any CPU.ActiveCfg = Debug|Any CPU
		{B063FC99-4072-457D-937D-E2F15E7FD118}.Debug|Any CPU.Build.0 = Debug|Any CPU
		{B063FC99-4072-457D-937D-E2F15E7FD118}.Release|Any CPU.ActiveCfg = Release|Any CPU
		{B063FC99-4072-457D-937D-E2F15E7FD118}.Release|Any CPU.Build.0 = Release|Any CPU
		{DD527E1A-AEDD-4EEE-8300-0005410C1447}.Debug|Any CPU.ActiveCfg = Debug|Any CPU
		{DD527E1A-AEDD-4EEE-8300-0005410C1447}.Debug|Any CPU.Build.0 = Debug|Any CPU
		{DD527E1A-AEDD-4EEE-8300-0005410C1447}.Release|Any CPU.ActiveCfg = Release|Any CPU
		{DD527E1A-AEDD-4EEE-8300-0005410C1447}.Release|Any CPU.Build.0 = Release|Any CPU
		{7E3B49F0-5408-424B-AE16-5D39D8A0B5D9}.Debug|Any CPU.ActiveCfg = Debug|Any CPU
		{7E3B49F0-5408-424B-AE16-5D39D8A0B5D9}.Debug|Any CPU.Build.0 = Debug|Any CPU
		{7E3B49F0-5408-424B-AE16-5D39D8A0B5D9}.Release|Any CPU.ActiveCfg = Release|Any CPU
		{7E3B49F0-5408-424B-AE16-5D39D8A0B5D9}.Release|Any CPU.Build.0 = Release|Any CPU
		{5BB1FC48-E034-44E5-B228-F3ADC7DEBA63}.Debug|Any CPU.ActiveCfg = Debug|Any CPU
		{5BB1FC48-E034-44E5-B228-F3ADC7DEBA63}.Debug|Any CPU.Build.0 = Debug|Any CPU
		{5BB1FC48-E034-44E5-B228-F3ADC7DEBA63}.Release|Any CPU.ActiveCfg = Release|Any CPU
		{5BB1FC48-E034-44E5-B228-F3ADC7DEBA63}.Release|Any CPU.Build.0 = Release|Any CPU
		{F433A318-260D-4A87-B0EA-6B6E6736A072}.Debug|Any CPU.ActiveCfg = Debug|Any CPU
		{F433A318-260D-4A87-B0EA-6B6E6736A072}.Debug|Any CPU.Build.0 = Debug|Any CPU
		{F433A318-260D-4A87-B0EA-6B6E6736A072}.Release|Any CPU.ActiveCfg = Release|Any CPU
		{F433A318-260D-4A87-B0EA-6B6E6736A072}.Release|Any CPU.Build.0 = Release|Any CPU
		{976CD57E-2E50-4E83-9E93-B09CBEF0CADB}.Debug|Any CPU.ActiveCfg = Debug|Any CPU
		{976CD57E-2E50-4E83-9E93-B09CBEF0CADB}.Debug|Any CPU.Build.0 = Debug|Any CPU
		{976CD57E-2E50-4E83-9E93-B09CBEF0CADB}.Release|Any CPU.ActiveCfg = Release|Any CPU
		{976CD57E-2E50-4E83-9E93-B09CBEF0CADB}.Release|Any CPU.Build.0 = Release|Any CPU
		{EC04FD9F-B305-4B99-B086-4AA285BBBF1E}.Debug|Any CPU.ActiveCfg = Debug|Any CPU
		{EC04FD9F-B305-4B99-B086-4AA285BBBF1E}.Debug|Any CPU.Build.0 = Debug|Any CPU
		{EC04FD9F-B305-4B99-B086-4AA285BBBF1E}.Release|Any CPU.ActiveCfg = Release|Any CPU
		{EC04FD9F-B305-4B99-B086-4AA285BBBF1E}.Release|Any CPU.Build.0 = Release|Any CPU
		{B50B7B49-EE5D-4154-800D-1EAF0D5A4DA0}.Debug|Any CPU.ActiveCfg = Debug|Any CPU
		{B50B7B49-EE5D-4154-800D-1EAF0D5A4DA0}.Debug|Any CPU.Build.0 = Debug|Any CPU
		{B50B7B49-EE5D-4154-800D-1EAF0D5A4DA0}.Release|Any CPU.ActiveCfg = Release|Any CPU
		{B50B7B49-EE5D-4154-800D-1EAF0D5A4DA0}.Release|Any CPU.Build.0 = Release|Any CPU
		{3C0A4775-6FD9-465D-BCAF-009FF60E9A6F}.Debug|Any CPU.ActiveCfg = Debug|Any CPU
		{3C0A4775-6FD9-465D-BCAF-009FF60E9A6F}.Debug|Any CPU.Build.0 = Debug|Any CPU
		{3C0A4775-6FD9-465D-BCAF-009FF60E9A6F}.Release|Any CPU.ActiveCfg = Release|Any CPU
		{3C0A4775-6FD9-465D-BCAF-009FF60E9A6F}.Release|Any CPU.Build.0 = Release|Any CPU
		{49C79614-FE48-490B-87A6-A94875D459B8}.Debug|Any CPU.ActiveCfg = Debug|Any CPU
		{49C79614-FE48-490B-87A6-A94875D459B8}.Debug|Any CPU.Build.0 = Debug|Any CPU
		{49C79614-FE48-490B-87A6-A94875D459B8}.Release|Any CPU.ActiveCfg = Release|Any CPU
		{49C79614-FE48-490B-87A6-A94875D459B8}.Release|Any CPU.Build.0 = Release|Any CPU
		{84BBD30C-0B03-492B-949E-BB502E454D35}.Debug|Any CPU.ActiveCfg = Debug|Any CPU
		{84BBD30C-0B03-492B-949E-BB502E454D35}.Debug|Any CPU.Build.0 = Debug|Any CPU
		{84BBD30C-0B03-492B-949E-BB502E454D35}.Release|Any CPU.ActiveCfg = Release|Any CPU
		{84BBD30C-0B03-492B-949E-BB502E454D35}.Release|Any CPU.Build.0 = Release|Any CPU
	EndGlobalSection
	GlobalSection(SolutionProperties) = preSolution
		HideSolutionNode = FALSE
	EndGlobalSection
	GlobalSection(NestedProjects) = preSolution
		{B063FC99-4072-457D-937D-E2F15E7FD118} = {DE06BA5A-4ED5-47CB-ACB9-33FDDE8FE81E}
		{DD527E1A-AEDD-4EEE-8300-0005410C1447} = {3A8BB59B-98D1-4150-B4EE-4E8853C96A54}
		{7E3B49F0-5408-424B-AE16-5D39D8A0B5D9} = {3A8BB59B-98D1-4150-B4EE-4E8853C96A54}
		{5BB1FC48-E034-44E5-B228-F3ADC7DEBA63} = {3A8BB59B-98D1-4150-B4EE-4E8853C96A54}
		{F433A318-260D-4A87-B0EA-6B6E6736A072} = {3A8BB59B-98D1-4150-B4EE-4E8853C96A54}
		{976CD57E-2E50-4E83-9E93-B09CBEF0CADB} = {E1FC91D2-6816-4E44-975F-2726E2C25DF9}
		{EC04FD9F-B305-4B99-B086-4AA285BBBF1E} = {3A8BB59B-98D1-4150-B4EE-4E8853C96A54}
		{B50B7B49-EE5D-4154-800D-1EAF0D5A4DA0} = {9E8F32A1-BD94-4C3E-A5F7-1A29B7B7A96E}
		{3C0A4775-6FD9-465D-BCAF-009FF60E9A6F} = {3A8BB59B-98D1-4150-B4EE-4E8853C96A54}
		{49C79614-FE48-490B-87A6-A94875D459B8} = {3A8BB59B-98D1-4150-B4EE-4E8853C96A54}
		{84BBD30C-0B03-492B-949E-BB502E454D35} = {986495B9-8671-4523-833B-2624E18860E2}
	EndGlobalSection
	GlobalSection(ExtensibilityGlobals) = postSolution
		SolutionGuid = {609B53DC-7E02-4AC2-98D2-31492195F4B4}
	EndGlobalSection
EndGlobal
